
Microsoft Visual Studio Solution File, Format Version 12.00
# Visual Studio Version 16
VisualStudioVersion = 16.0.29609.76
MinimumVisualStudioVersion = 10.0.40219.1
Project("{FAE04EC0-301F-11D3-BF4B-00C04F79EFBC}") = "SmartCloud", "SmartCloud\SmartCloud.csproj", "{BB1BB63C-B745-424B-89C2-5E7A04A77BF9}"
EndProject
Global
	GlobalSection(SolutionConfigurationPlatforms) = preSolution
		Debug|Any CPU = Debug|Any CPU
		Release|Any CPU = Release|Any CPU
	EndGlobalSection
	GlobalSection(ProjectConfigurationPlatforms) = postSolution
		{BB1BB63C-B745-424B-89C2-5E7A04A77BF9}.Debug|Any CPU.ActiveCfg = Debug|Any CPU
		{BB1BB63C-B745-424B-89C2-5E7A04A77BF9}.Debug|Any CPU.Build.0 = Debug|Any CPU
		{BB1BB63C-B745-424B-89C2-5E7A04A77BF9}.Release|Any CPU.ActiveCfg = Release|Any CPU
		{BB1BB63C-B745-424B-89C2-5E7A04A77BF9}.Release|Any CPU.Build.0 = Release|Any CPU
	EndGlobalSection
	GlobalSection(SolutionProperties) = preSolution
		HideSolutionNode = FALSE
	EndGlobalSection
	GlobalSection(ExtensibilityGlobals) = postSolution
		SolutionGuid = {1D6EB1CC-649C-41BD-A610-074DE4A631C5}
	EndGlobalSection
EndGlobal
